
Microsoft Visual Studio Solution File, Format Version 12.00
# Visual Studio Version 16
VisualStudioVersion = 16.0.29613.14
MinimumVisualStudioVersion = 15.0.26124.0
Project("{9A19103F-16F7-4668-BE54-9A1E7A4F7556}") = "Swetugg.Tix.Activity.Commands", "src\Swetugg.Tix.Activity.Commands\Swetugg.Tix.Activity.Commands.csproj", "{657DDFAC-98BD-4B6A-9355-FE79A33E1855}"
EndProject
Project("{9A19103F-16F7-4668-BE54-9A1E7A4F7556}") = "Swetugg.Tix.Infrastructure", "src\Swetugg.Tix.Infrastructure\Swetugg.Tix.Infrastructure.csproj", "{3CAC68C8-9CB1-4736-A8FA-793F7892485B}"
EndProject
Project("{9A19103F-16F7-4668-BE54-9A1E7A4F7556}") = "Swetugg.Tix.Activity.Events", "src\Swetugg.Tix.Activity.Events\Swetugg.Tix.Activity.Events.csproj", "{8C6FEF60-6881-4176-888B-B749B6DE3BA7}"
EndProject
Project("{9A19103F-16F7-4668-BE54-9A1E7A4F7556}") = "Swetugg.Tix.Activity.Domain", "src\Swetugg.Tix.Activity.Domain\Swetugg.Tix.Activity.Domain.csproj", "{3BE84BED-B4DD-454E-A2A9-8D2D86B8C181}"
EndProject
Project("{9A19103F-16F7-4668-BE54-9A1E7A4F7556}") = "Swetugg.Tix.Ticket.Commands", "src\Swetugg.Tix.Ticket.Commands\Swetugg.Tix.Ticket.Commands.csproj", "{474C18D4-2DDD-4BD6-9CDD-839E068B3C67}"
EndProject
Project("{9A19103F-16F7-4668-BE54-9A1E7A4F7556}") = "Swetugg.Tix.Ticket.Domain", "src\Swetugg.Tix.Ticket.Domain\Swetugg.Tix.Ticket.Domain.csproj", "{28A4E9E9-DD77-4116-8582-79731318AE2B}"
EndProject
Project("{9A19103F-16F7-4668-BE54-9A1E7A4F7556}") = "Swetugg.Tix.Ticket.Events", "src\Swetugg.Tix.Ticket.Events\Swetugg.Tix.Ticket.Events.csproj", "{E2477B82-6916-43BB-B90D-5207027E5016}"
EndProject
Project("{2150E333-8FDC-42A3-9474-1A3956D46DE8}") = "Tests", "Tests", "{079B41CA-CEE8-4804-8E1C-A096E48476C1}"
EndProject
Project("{9A19103F-16F7-4668-BE54-9A1E7A4F7556}") = "Swetugg.Tix.Activity.Domain.Tests", "test\Swetugg.Tix.Activity.Domain.Tests\Swetugg.Tix.Activity.Domain.Tests.csproj", "{9376A149-65F2-4966-9C13-16F155CF682F}"
EndProject
Project("{9A19103F-16F7-4668-BE54-9A1E7A4F7556}") = "Swetugg.Tix.Tests.Helpers", "test\Swetugg.Tix.Tests.Helpers\Swetugg.Tix.Tests.Helpers.csproj", "{E5523032-43A0-4364-8A3D-29AEBACDDFAF}"
EndProject
Project("{9A19103F-16F7-4668-BE54-9A1E7A4F7556}") = "Swetugg.Tix.Ticket.Domain.Tests", "test\Swetugg.Tix.Ticket.Domain.Tests\Swetugg.Tix.Ticket.Domain.Tests.csproj", "{7781C6E6-AEF6-45B4-8E57-14DE456099C3}"
EndProject
Project("{9A19103F-16F7-4668-BE54-9A1E7A4F7556}") = "Swetugg.Tix.Process", "src\Swetugg.Tix.Process\Swetugg.Tix.Process.csproj", "{7CBD4BF1-1EDD-4923-B9FA-ABE0E8E967C0}"
EndProject
Project("{2150E333-8FDC-42A3-9474-1A3956D46DE8}") = "Activity", "Activity", "{BFD3CBA8-FB01-4EF9-8B76-4A4816C76D07}"
EndProject
Project("{2150E333-8FDC-42A3-9474-1A3956D46DE8}") = "Ticket", "Ticket", "{EFC22060-63C7-4257-89C4-E79CD9E8739C}"
EndProject
Project("{2150E333-8FDC-42A3-9474-1A3956D46DE8}") = "Process", "Process", "{9BAE956C-1485-4DCD-900B-3C960FBE4B16}"
EndProject
Project("{9A19103F-16F7-4668-BE54-9A1E7A4F7556}") = "Swetugg.Tix.Process.Tests", "test\Swetugg.Tix.Process.Tests\Swetugg.Tix.Process.Tests.csproj", "{56E476D6-553C-4954-8D41-9BB203236E4A}"
EndProject
Project("{9A19103F-16F7-4668-BE54-9A1E7A4F7556}") = "Swetugg.Tix.Activity.Funcs", "src\Swetugg.Tix.Activity.Funcs\Swetugg.Tix.Activity.Funcs.csproj", "{A51E3D06-E60E-421B-9507-E19F0723F7D4}"
EndProject
Project("{9A19103F-16F7-4668-BE54-9A1E7A4F7556}") = "Swetugg.Tix.Process.Funcs", "src\Swetugg.Tix.Process.Funcs\Swetugg.Tix.Process.Funcs.csproj", "{06C5E6AF-5761-4894-87D0-B005C50519C5}"
EndProject
Project("{9A19103F-16F7-4668-BE54-9A1E7A4F7556}") = "Swetugg.Tix.Ticket.Funcs", "src\Swetugg.Tix.Ticket.Funcs\Swetugg.Tix.Ticket.Funcs.csproj", "{61840C03-43FD-43BC-82F1-CE12413D846A}"
EndProject
Project("{9A19103F-16F7-4668-BE54-9A1E7A4F7556}") = "Swetugg.Tix.Api", "src\Swetugg.Tix.Api\Swetugg.Tix.Api.csproj", "{A9C73E0E-D091-4565-B5A8-6A8DD62C8526}"
EndProject
Project("{9A19103F-16F7-4668-BE54-9A1E7A4F7556}") = "Swetugg.Tix.Activity.Views", "src\Swetugg.Tix.Activity.Views\Swetugg.Tix.Activity.Views.csproj", "{15865DC8-70C7-41BC-A73A-F8DBAA91EF89}"
EndProject
Project("{9A19103F-16F7-4668-BE54-9A1E7A4F7556}") = "Swetugg.Tix.Activity.ViewBuilder", "src\Swetugg.Tix.Activity.ViewBuilder\Swetugg.Tix.Activity.ViewBuilder.csproj", "{97C1E9D7-1EB1-4B13-B9A0-A8154118322B}"
EndProject
Project("{9A19103F-16F7-4668-BE54-9A1E7A4F7556}") = "Swetugg.Tix.Infrastructure.CommandLog", "src\Swetugg.Tix.Infrastructure.CommandLog\Swetugg.Tix.Infrastructure.CommandLog.csproj", "{7D3CD9AA-15D4-45CA-B077-46F08EABC4C7}"
EndProject
Project("{FAE04EC0-301F-11D3-BF4B-00C04F79EFBC}") = "Swetugg.Tix.Activity.Content", "src\Swetugg.Tix.Activity.Content\Swetugg.Tix.Activity.Content.csproj", "{77AFD368-54D1-4936-BEC3-078CC62E6EE2}"
EndProject
Global
	GlobalSection(SolutionConfigurationPlatforms) = preSolution
		Debug|Any CPU = Debug|Any CPU
		Debug|x64 = Debug|x64
		Debug|x86 = Debug|x86
		Release|Any CPU = Release|Any CPU
		Release|x64 = Release|x64
		Release|x86 = Release|x86
	EndGlobalSection
	GlobalSection(ProjectConfigurationPlatforms) = postSolution
		{657DDFAC-98BD-4B6A-9355-FE79A33E1855}.Debug|Any CPU.ActiveCfg = Debug|Any CPU
		{657DDFAC-98BD-4B6A-9355-FE79A33E1855}.Debug|Any CPU.Build.0 = Debug|Any CPU
		{657DDFAC-98BD-4B6A-9355-FE79A33E1855}.Debug|x64.ActiveCfg = Debug|Any CPU
		{657DDFAC-98BD-4B6A-9355-FE79A33E1855}.Debug|x64.Build.0 = Debug|Any CPU
		{657DDFAC-98BD-4B6A-9355-FE79A33E1855}.Debug|x86.ActiveCfg = Debug|Any CPU
		{657DDFAC-98BD-4B6A-9355-FE79A33E1855}.Debug|x86.Build.0 = Debug|Any CPU
		{657DDFAC-98BD-4B6A-9355-FE79A33E1855}.Release|Any CPU.ActiveCfg = Release|Any CPU
		{657DDFAC-98BD-4B6A-9355-FE79A33E1855}.Release|Any CPU.Build.0 = Release|Any CPU
		{657DDFAC-98BD-4B6A-9355-FE79A33E1855}.Release|x64.ActiveCfg = Release|Any CPU
		{657DDFAC-98BD-4B6A-9355-FE79A33E1855}.Release|x64.Build.0 = Release|Any CPU
		{657DDFAC-98BD-4B6A-9355-FE79A33E1855}.Release|x86.ActiveCfg = Release|Any CPU
		{657DDFAC-98BD-4B6A-9355-FE79A33E1855}.Release|x86.Build.0 = Release|Any CPU
		{3CAC68C8-9CB1-4736-A8FA-793F7892485B}.Debug|Any CPU.ActiveCfg = Debug|Any CPU
		{3CAC68C8-9CB1-4736-A8FA-793F7892485B}.Debug|Any CPU.Build.0 = Debug|Any CPU
		{3CAC68C8-9CB1-4736-A8FA-793F7892485B}.Debug|x64.ActiveCfg = Debug|Any CPU
		{3CAC68C8-9CB1-4736-A8FA-793F7892485B}.Debug|x64.Build.0 = Debug|Any CPU
		{3CAC68C8-9CB1-4736-A8FA-793F7892485B}.Debug|x86.ActiveCfg = Debug|Any CPU
		{3CAC68C8-9CB1-4736-A8FA-793F7892485B}.Debug|x86.Build.0 = Debug|Any CPU
		{3CAC68C8-9CB1-4736-A8FA-793F7892485B}.Release|Any CPU.ActiveCfg = Release|Any CPU
		{3CAC68C8-9CB1-4736-A8FA-793F7892485B}.Release|Any CPU.Build.0 = Release|Any CPU
		{3CAC68C8-9CB1-4736-A8FA-793F7892485B}.Release|x64.ActiveCfg = Release|Any CPU
		{3CAC68C8-9CB1-4736-A8FA-793F7892485B}.Release|x64.Build.0 = Release|Any CPU
		{3CAC68C8-9CB1-4736-A8FA-793F7892485B}.Release|x86.ActiveCfg = Release|Any CPU
		{3CAC68C8-9CB1-4736-A8FA-793F7892485B}.Release|x86.Build.0 = Release|Any CPU
		{8C6FEF60-6881-4176-888B-B749B6DE3BA7}.Debug|Any CPU.ActiveCfg = Debug|Any CPU
		{8C6FEF60-6881-4176-888B-B749B6DE3BA7}.Debug|Any CPU.Build.0 = Debug|Any CPU
		{8C6FEF60-6881-4176-888B-B749B6DE3BA7}.Debug|x64.ActiveCfg = Debug|Any CPU
		{8C6FEF60-6881-4176-888B-B749B6DE3BA7}.Debug|x64.Build.0 = Debug|Any CPU
		{8C6FEF60-6881-4176-888B-B749B6DE3BA7}.Debug|x86.ActiveCfg = Debug|Any CPU
		{8C6FEF60-6881-4176-888B-B749B6DE3BA7}.Debug|x86.Build.0 = Debug|Any CPU
		{8C6FEF60-6881-4176-888B-B749B6DE3BA7}.Release|Any CPU.ActiveCfg = Release|Any CPU
		{8C6FEF60-6881-4176-888B-B749B6DE3BA7}.Release|Any CPU.Build.0 = Release|Any CPU
		{8C6FEF60-6881-4176-888B-B749B6DE3BA7}.Release|x64.ActiveCfg = Release|Any CPU
		{8C6FEF60-6881-4176-888B-B749B6DE3BA7}.Release|x64.Build.0 = Release|Any CPU
		{8C6FEF60-6881-4176-888B-B749B6DE3BA7}.Release|x86.ActiveCfg = Release|Any CPU
		{8C6FEF60-6881-4176-888B-B749B6DE3BA7}.Release|x86.Build.0 = Release|Any CPU
		{3BE84BED-B4DD-454E-A2A9-8D2D86B8C181}.Debug|Any CPU.ActiveCfg = Debug|Any CPU
		{3BE84BED-B4DD-454E-A2A9-8D2D86B8C181}.Debug|Any CPU.Build.0 = Debug|Any CPU
		{3BE84BED-B4DD-454E-A2A9-8D2D86B8C181}.Debug|x64.ActiveCfg = Debug|Any CPU
		{3BE84BED-B4DD-454E-A2A9-8D2D86B8C181}.Debug|x64.Build.0 = Debug|Any CPU
		{3BE84BED-B4DD-454E-A2A9-8D2D86B8C181}.Debug|x86.ActiveCfg = Debug|Any CPU
		{3BE84BED-B4DD-454E-A2A9-8D2D86B8C181}.Debug|x86.Build.0 = Debug|Any CPU
		{3BE84BED-B4DD-454E-A2A9-8D2D86B8C181}.Release|Any CPU.ActiveCfg = Release|Any CPU
		{3BE84BED-B4DD-454E-A2A9-8D2D86B8C181}.Release|Any CPU.Build.0 = Release|Any CPU
		{3BE84BED-B4DD-454E-A2A9-8D2D86B8C181}.Release|x64.ActiveCfg = Release|Any CPU
		{3BE84BED-B4DD-454E-A2A9-8D2D86B8C181}.Release|x64.Build.0 = Release|Any CPU
		{3BE84BED-B4DD-454E-A2A9-8D2D86B8C181}.Release|x86.ActiveCfg = Release|Any CPU
		{3BE84BED-B4DD-454E-A2A9-8D2D86B8C181}.Release|x86.Build.0 = Release|Any CPU
		{474C18D4-2DDD-4BD6-9CDD-839E068B3C67}.Debug|Any CPU.ActiveCfg = Debug|Any CPU
		{474C18D4-2DDD-4BD6-9CDD-839E068B3C67}.Debug|Any CPU.Build.0 = Debug|Any CPU
		{474C18D4-2DDD-4BD6-9CDD-839E068B3C67}.Debug|x64.ActiveCfg = Debug|Any CPU
		{474C18D4-2DDD-4BD6-9CDD-839E068B3C67}.Debug|x64.Build.0 = Debug|Any CPU
		{474C18D4-2DDD-4BD6-9CDD-839E068B3C67}.Debug|x86.ActiveCfg = Debug|Any CPU
		{474C18D4-2DDD-4BD6-9CDD-839E068B3C67}.Debug|x86.Build.0 = Debug|Any CPU
		{474C18D4-2DDD-4BD6-9CDD-839E068B3C67}.Release|Any CPU.ActiveCfg = Release|Any CPU
		{474C18D4-2DDD-4BD6-9CDD-839E068B3C67}.Release|Any CPU.Build.0 = Release|Any CPU
		{474C18D4-2DDD-4BD6-9CDD-839E068B3C67}.Release|x64.ActiveCfg = Release|Any CPU
		{474C18D4-2DDD-4BD6-9CDD-839E068B3C67}.Release|x64.Build.0 = Release|Any CPU
		{474C18D4-2DDD-4BD6-9CDD-839E068B3C67}.Release|x86.ActiveCfg = Release|Any CPU
		{474C18D4-2DDD-4BD6-9CDD-839E068B3C67}.Release|x86.Build.0 = Release|Any CPU
		{28A4E9E9-DD77-4116-8582-79731318AE2B}.Debug|Any CPU.ActiveCfg = Debug|Any CPU
		{28A4E9E9-DD77-4116-8582-79731318AE2B}.Debug|Any CPU.Build.0 = Debug|Any CPU
		{28A4E9E9-DD77-4116-8582-79731318AE2B}.Debug|x64.ActiveCfg = Debug|Any CPU
		{28A4E9E9-DD77-4116-8582-79731318AE2B}.Debug|x64.Build.0 = Debug|Any CPU
		{28A4E9E9-DD77-4116-8582-79731318AE2B}.Debug|x86.ActiveCfg = Debug|Any CPU
		{28A4E9E9-DD77-4116-8582-79731318AE2B}.Debug|x86.Build.0 = Debug|Any CPU
		{28A4E9E9-DD77-4116-8582-79731318AE2B}.Release|Any CPU.ActiveCfg = Release|Any CPU
		{28A4E9E9-DD77-4116-8582-79731318AE2B}.Release|Any CPU.Build.0 = Release|Any CPU
		{28A4E9E9-DD77-4116-8582-79731318AE2B}.Release|x64.ActiveCfg = Release|Any CPU
		{28A4E9E9-DD77-4116-8582-79731318AE2B}.Release|x64.Build.0 = Release|Any CPU
		{28A4E9E9-DD77-4116-8582-79731318AE2B}.Release|x86.ActiveCfg = Release|Any CPU
		{28A4E9E9-DD77-4116-8582-79731318AE2B}.Release|x86.Build.0 = Release|Any CPU
		{E2477B82-6916-43BB-B90D-5207027E5016}.Debug|Any CPU.ActiveCfg = Debug|Any CPU
		{E2477B82-6916-43BB-B90D-5207027E5016}.Debug|Any CPU.Build.0 = Debug|Any CPU
		{E2477B82-6916-43BB-B90D-5207027E5016}.Debug|x64.ActiveCfg = Debug|Any CPU
		{E2477B82-6916-43BB-B90D-5207027E5016}.Debug|x64.Build.0 = Debug|Any CPU
		{E2477B82-6916-43BB-B90D-5207027E5016}.Debug|x86.ActiveCfg = Debug|Any CPU
		{E2477B82-6916-43BB-B90D-5207027E5016}.Debug|x86.Build.0 = Debug|Any CPU
		{E2477B82-6916-43BB-B90D-5207027E5016}.Release|Any CPU.ActiveCfg = Release|Any CPU
		{E2477B82-6916-43BB-B90D-5207027E5016}.Release|Any CPU.Build.0 = Release|Any CPU
		{E2477B82-6916-43BB-B90D-5207027E5016}.Release|x64.ActiveCfg = Release|Any CPU
		{E2477B82-6916-43BB-B90D-5207027E5016}.Release|x64.Build.0 = Release|Any CPU
		{E2477B82-6916-43BB-B90D-5207027E5016}.Release|x86.ActiveCfg = Release|Any CPU
		{E2477B82-6916-43BB-B90D-5207027E5016}.Release|x86.Build.0 = Release|Any CPU
		{9376A149-65F2-4966-9C13-16F155CF682F}.Debug|Any CPU.ActiveCfg = Debug|Any CPU
		{9376A149-65F2-4966-9C13-16F155CF682F}.Debug|Any CPU.Build.0 = Debug|Any CPU
		{9376A149-65F2-4966-9C13-16F155CF682F}.Debug|x64.ActiveCfg = Debug|Any CPU
		{9376A149-65F2-4966-9C13-16F155CF682F}.Debug|x64.Build.0 = Debug|Any CPU
		{9376A149-65F2-4966-9C13-16F155CF682F}.Debug|x86.ActiveCfg = Debug|Any CPU
		{9376A149-65F2-4966-9C13-16F155CF682F}.Debug|x86.Build.0 = Debug|Any CPU
		{9376A149-65F2-4966-9C13-16F155CF682F}.Release|Any CPU.ActiveCfg = Release|Any CPU
		{9376A149-65F2-4966-9C13-16F155CF682F}.Release|Any CPU.Build.0 = Release|Any CPU
		{9376A149-65F2-4966-9C13-16F155CF682F}.Release|x64.ActiveCfg = Release|Any CPU
		{9376A149-65F2-4966-9C13-16F155CF682F}.Release|x64.Build.0 = Release|Any CPU
		{9376A149-65F2-4966-9C13-16F155CF682F}.Release|x86.ActiveCfg = Release|Any CPU
		{9376A149-65F2-4966-9C13-16F155CF682F}.Release|x86.Build.0 = Release|Any CPU
		{E5523032-43A0-4364-8A3D-29AEBACDDFAF}.Debug|Any CPU.ActiveCfg = Debug|Any CPU
		{E5523032-43A0-4364-8A3D-29AEBACDDFAF}.Debug|Any CPU.Build.0 = Debug|Any CPU
		{E5523032-43A0-4364-8A3D-29AEBACDDFAF}.Debug|x64.ActiveCfg = Debug|Any CPU
		{E5523032-43A0-4364-8A3D-29AEBACDDFAF}.Debug|x64.Build.0 = Debug|Any CPU
		{E5523032-43A0-4364-8A3D-29AEBACDDFAF}.Debug|x86.ActiveCfg = Debug|Any CPU
		{E5523032-43A0-4364-8A3D-29AEBACDDFAF}.Debug|x86.Build.0 = Debug|Any CPU
		{E5523032-43A0-4364-8A3D-29AEBACDDFAF}.Release|Any CPU.ActiveCfg = Release|Any CPU
		{E5523032-43A0-4364-8A3D-29AEBACDDFAF}.Release|Any CPU.Build.0 = Release|Any CPU
		{E5523032-43A0-4364-8A3D-29AEBACDDFAF}.Release|x64.ActiveCfg = Release|Any CPU
		{E5523032-43A0-4364-8A3D-29AEBACDDFAF}.Release|x64.Build.0 = Release|Any CPU
		{E5523032-43A0-4364-8A3D-29AEBACDDFAF}.Release|x86.ActiveCfg = Release|Any CPU
		{E5523032-43A0-4364-8A3D-29AEBACDDFAF}.Release|x86.Build.0 = Release|Any CPU
		{7781C6E6-AEF6-45B4-8E57-14DE456099C3}.Debug|Any CPU.ActiveCfg = Debug|Any CPU
		{7781C6E6-AEF6-45B4-8E57-14DE456099C3}.Debug|Any CPU.Build.0 = Debug|Any CPU
		{7781C6E6-AEF6-45B4-8E57-14DE456099C3}.Debug|x64.ActiveCfg = Debug|Any CPU
		{7781C6E6-AEF6-45B4-8E57-14DE456099C3}.Debug|x64.Build.0 = Debug|Any CPU
		{7781C6E6-AEF6-45B4-8E57-14DE456099C3}.Debug|x86.ActiveCfg = Debug|Any CPU
		{7781C6E6-AEF6-45B4-8E57-14DE456099C3}.Debug|x86.Build.0 = Debug|Any CPU
		{7781C6E6-AEF6-45B4-8E57-14DE456099C3}.Release|Any CPU.ActiveCfg = Release|Any CPU
		{7781C6E6-AEF6-45B4-8E57-14DE456099C3}.Release|Any CPU.Build.0 = Release|Any CPU
		{7781C6E6-AEF6-45B4-8E57-14DE456099C3}.Release|x64.ActiveCfg = Release|Any CPU
		{7781C6E6-AEF6-45B4-8E57-14DE456099C3}.Release|x64.Build.0 = Release|Any CPU
		{7781C6E6-AEF6-45B4-8E57-14DE456099C3}.Release|x86.ActiveCfg = Release|Any CPU
		{7781C6E6-AEF6-45B4-8E57-14DE456099C3}.Release|x86.Build.0 = Release|Any CPU
		{7CBD4BF1-1EDD-4923-B9FA-ABE0E8E967C0}.Debug|Any CPU.ActiveCfg = Debug|Any CPU
		{7CBD4BF1-1EDD-4923-B9FA-ABE0E8E967C0}.Debug|Any CPU.Build.0 = Debug|Any CPU
		{7CBD4BF1-1EDD-4923-B9FA-ABE0E8E967C0}.Debug|x64.ActiveCfg = Debug|Any CPU
		{7CBD4BF1-1EDD-4923-B9FA-ABE0E8E967C0}.Debug|x64.Build.0 = Debug|Any CPU
		{7CBD4BF1-1EDD-4923-B9FA-ABE0E8E967C0}.Debug|x86.ActiveCfg = Debug|Any CPU
		{7CBD4BF1-1EDD-4923-B9FA-ABE0E8E967C0}.Debug|x86.Build.0 = Debug|Any CPU
		{7CBD4BF1-1EDD-4923-B9FA-ABE0E8E967C0}.Release|Any CPU.ActiveCfg = Release|Any CPU
		{7CBD4BF1-1EDD-4923-B9FA-ABE0E8E967C0}.Release|Any CPU.Build.0 = Release|Any CPU
		{7CBD4BF1-1EDD-4923-B9FA-ABE0E8E967C0}.Release|x64.ActiveCfg = Release|Any CPU
		{7CBD4BF1-1EDD-4923-B9FA-ABE0E8E967C0}.Release|x64.Build.0 = Release|Any CPU
		{7CBD4BF1-1EDD-4923-B9FA-ABE0E8E967C0}.Release|x86.ActiveCfg = Release|Any CPU
		{7CBD4BF1-1EDD-4923-B9FA-ABE0E8E967C0}.Release|x86.Build.0 = Release|Any CPU
		{56E476D6-553C-4954-8D41-9BB203236E4A}.Debug|Any CPU.ActiveCfg = Debug|Any CPU
		{56E476D6-553C-4954-8D41-9BB203236E4A}.Debug|Any CPU.Build.0 = Debug|Any CPU
		{56E476D6-553C-4954-8D41-9BB203236E4A}.Debug|x64.ActiveCfg = Debug|Any CPU
		{56E476D6-553C-4954-8D41-9BB203236E4A}.Debug|x64.Build.0 = Debug|Any CPU
		{56E476D6-553C-4954-8D41-9BB203236E4A}.Debug|x86.ActiveCfg = Debug|Any CPU
		{56E476D6-553C-4954-8D41-9BB203236E4A}.Debug|x86.Build.0 = Debug|Any CPU
		{56E476D6-553C-4954-8D41-9BB203236E4A}.Release|Any CPU.ActiveCfg = Release|Any CPU
		{56E476D6-553C-4954-8D41-9BB203236E4A}.Release|Any CPU.Build.0 = Release|Any CPU
		{56E476D6-553C-4954-8D41-9BB203236E4A}.Release|x64.ActiveCfg = Release|Any CPU
		{56E476D6-553C-4954-8D41-9BB203236E4A}.Release|x64.Build.0 = Release|Any CPU
		{56E476D6-553C-4954-8D41-9BB203236E4A}.Release|x86.ActiveCfg = Release|Any CPU
		{56E476D6-553C-4954-8D41-9BB203236E4A}.Release|x86.Build.0 = Release|Any CPU
		{A51E3D06-E60E-421B-9507-E19F0723F7D4}.Debug|Any CPU.ActiveCfg = Debug|Any CPU
		{A51E3D06-E60E-421B-9507-E19F0723F7D4}.Debug|Any CPU.Build.0 = Debug|Any CPU
		{A51E3D06-E60E-421B-9507-E19F0723F7D4}.Debug|x64.ActiveCfg = Debug|Any CPU
		{A51E3D06-E60E-421B-9507-E19F0723F7D4}.Debug|x64.Build.0 = Debug|Any CPU
		{A51E3D06-E60E-421B-9507-E19F0723F7D4}.Debug|x86.ActiveCfg = Debug|Any CPU
		{A51E3D06-E60E-421B-9507-E19F0723F7D4}.Debug|x86.Build.0 = Debug|Any CPU
		{A51E3D06-E60E-421B-9507-E19F0723F7D4}.Release|Any CPU.ActiveCfg = Release|Any CPU
		{A51E3D06-E60E-421B-9507-E19F0723F7D4}.Release|Any CPU.Build.0 = Release|Any CPU
		{A51E3D06-E60E-421B-9507-E19F0723F7D4}.Release|x64.ActiveCfg = Release|Any CPU
		{A51E3D06-E60E-421B-9507-E19F0723F7D4}.Release|x64.Build.0 = Release|Any CPU
		{A51E3D06-E60E-421B-9507-E19F0723F7D4}.Release|x86.ActiveCfg = Release|Any CPU
		{A51E3D06-E60E-421B-9507-E19F0723F7D4}.Release|x86.Build.0 = Release|Any CPU
		{06C5E6AF-5761-4894-87D0-B005C50519C5}.Debug|Any CPU.ActiveCfg = Debug|Any CPU
		{06C5E6AF-5761-4894-87D0-B005C50519C5}.Debug|Any CPU.Build.0 = Debug|Any CPU
		{06C5E6AF-5761-4894-87D0-B005C50519C5}.Debug|x64.ActiveCfg = Debug|Any CPU
		{06C5E6AF-5761-4894-87D0-B005C50519C5}.Debug|x64.Build.0 = Debug|Any CPU
		{06C5E6AF-5761-4894-87D0-B005C50519C5}.Debug|x86.ActiveCfg = Debug|Any CPU
		{06C5E6AF-5761-4894-87D0-B005C50519C5}.Debug|x86.Build.0 = Debug|Any CPU
		{06C5E6AF-5761-4894-87D0-B005C50519C5}.Release|Any CPU.ActiveCfg = Release|Any CPU
		{06C5E6AF-5761-4894-87D0-B005C50519C5}.Release|Any CPU.Build.0 = Release|Any CPU
		{06C5E6AF-5761-4894-87D0-B005C50519C5}.Release|x64.ActiveCfg = Release|Any CPU
		{06C5E6AF-5761-4894-87D0-B005C50519C5}.Release|x64.Build.0 = Release|Any CPU
		{06C5E6AF-5761-4894-87D0-B005C50519C5}.Release|x86.ActiveCfg = Release|Any CPU
		{06C5E6AF-5761-4894-87D0-B005C50519C5}.Release|x86.Build.0 = Release|Any CPU
		{61840C03-43FD-43BC-82F1-CE12413D846A}.Debug|Any CPU.ActiveCfg = Debug|Any CPU
		{61840C03-43FD-43BC-82F1-CE12413D846A}.Debug|Any CPU.Build.0 = Debug|Any CPU
		{61840C03-43FD-43BC-82F1-CE12413D846A}.Debug|x64.ActiveCfg = Debug|Any CPU
		{61840C03-43FD-43BC-82F1-CE12413D846A}.Debug|x64.Build.0 = Debug|Any CPU
		{61840C03-43FD-43BC-82F1-CE12413D846A}.Debug|x86.ActiveCfg = Debug|Any CPU
		{61840C03-43FD-43BC-82F1-CE12413D846A}.Debug|x86.Build.0 = Debug|Any CPU
		{61840C03-43FD-43BC-82F1-CE12413D846A}.Release|Any CPU.ActiveCfg = Release|Any CPU
		{61840C03-43FD-43BC-82F1-CE12413D846A}.Release|Any CPU.Build.0 = Release|Any CPU
		{61840C03-43FD-43BC-82F1-CE12413D846A}.Release|x64.ActiveCfg = Release|Any CPU
		{61840C03-43FD-43BC-82F1-CE12413D846A}.Release|x64.Build.0 = Release|Any CPU
		{61840C03-43FD-43BC-82F1-CE12413D846A}.Release|x86.ActiveCfg = Release|Any CPU
		{61840C03-43FD-43BC-82F1-CE12413D846A}.Release|x86.Build.0 = Release|Any CPU
		{A9C73E0E-D091-4565-B5A8-6A8DD62C8526}.Debug|Any CPU.ActiveCfg = Debug|Any CPU
		{A9C73E0E-D091-4565-B5A8-6A8DD62C8526}.Debug|Any CPU.Build.0 = Debug|Any CPU
		{A9C73E0E-D091-4565-B5A8-6A8DD62C8526}.Debug|x64.ActiveCfg = Debug|Any CPU
		{A9C73E0E-D091-4565-B5A8-6A8DD62C8526}.Debug|x64.Build.0 = Debug|Any CPU
		{A9C73E0E-D091-4565-B5A8-6A8DD62C8526}.Debug|x86.ActiveCfg = Debug|Any CPU
		{A9C73E0E-D091-4565-B5A8-6A8DD62C8526}.Debug|x86.Build.0 = Debug|Any CPU
		{A9C73E0E-D091-4565-B5A8-6A8DD62C8526}.Release|Any CPU.ActiveCfg = Release|Any CPU
		{A9C73E0E-D091-4565-B5A8-6A8DD62C8526}.Release|Any CPU.Build.0 = Release|Any CPU
		{A9C73E0E-D091-4565-B5A8-6A8DD62C8526}.Release|x64.ActiveCfg = Release|Any CPU
		{A9C73E0E-D091-4565-B5A8-6A8DD62C8526}.Release|x64.Build.0 = Release|Any CPU
		{A9C73E0E-D091-4565-B5A8-6A8DD62C8526}.Release|x86.ActiveCfg = Release|Any CPU
		{A9C73E0E-D091-4565-B5A8-6A8DD62C8526}.Release|x86.Build.0 = Release|Any CPU
		{15865DC8-70C7-41BC-A73A-F8DBAA91EF89}.Debug|Any CPU.ActiveCfg = Debug|Any CPU
		{15865DC8-70C7-41BC-A73A-F8DBAA91EF89}.Debug|Any CPU.Build.0 = Debug|Any CPU
		{15865DC8-70C7-41BC-A73A-F8DBAA91EF89}.Debug|x64.ActiveCfg = Debug|Any CPU
		{15865DC8-70C7-41BC-A73A-F8DBAA91EF89}.Debug|x64.Build.0 = Debug|Any CPU
		{15865DC8-70C7-41BC-A73A-F8DBAA91EF89}.Debug|x86.ActiveCfg = Debug|Any CPU
		{15865DC8-70C7-41BC-A73A-F8DBAA91EF89}.Debug|x86.Build.0 = Debug|Any CPU
		{15865DC8-70C7-41BC-A73A-F8DBAA91EF89}.Release|Any CPU.ActiveCfg = Release|Any CPU
		{15865DC8-70C7-41BC-A73A-F8DBAA91EF89}.Release|Any CPU.Build.0 = Release|Any CPU
		{15865DC8-70C7-41BC-A73A-F8DBAA91EF89}.Release|x64.ActiveCfg = Release|Any CPU
		{15865DC8-70C7-41BC-A73A-F8DBAA91EF89}.Release|x64.Build.0 = Release|Any CPU
		{15865DC8-70C7-41BC-A73A-F8DBAA91EF89}.Release|x86.ActiveCfg = Release|Any CPU
		{15865DC8-70C7-41BC-A73A-F8DBAA91EF89}.Release|x86.Build.0 = Release|Any CPU
		{97C1E9D7-1EB1-4B13-B9A0-A8154118322B}.Debug|Any CPU.ActiveCfg = Debug|Any CPU
		{97C1E9D7-1EB1-4B13-B9A0-A8154118322B}.Debug|Any CPU.Build.0 = Debug|Any CPU
		{97C1E9D7-1EB1-4B13-B9A0-A8154118322B}.Debug|x64.ActiveCfg = Debug|Any CPU
		{97C1E9D7-1EB1-4B13-B9A0-A8154118322B}.Debug|x64.Build.0 = Debug|Any CPU
		{97C1E9D7-1EB1-4B13-B9A0-A8154118322B}.Debug|x86.ActiveCfg = Debug|Any CPU
		{97C1E9D7-1EB1-4B13-B9A0-A8154118322B}.Debug|x86.Build.0 = Debug|Any CPU
		{97C1E9D7-1EB1-4B13-B9A0-A8154118322B}.Release|Any CPU.ActiveCfg = Release|Any CPU
		{97C1E9D7-1EB1-4B13-B9A0-A8154118322B}.Release|Any CPU.Build.0 = Release|Any CPU
		{97C1E9D7-1EB1-4B13-B9A0-A8154118322B}.Release|x64.ActiveCfg = Release|Any CPU
		{97C1E9D7-1EB1-4B13-B9A0-A8154118322B}.Release|x64.Build.0 = Release|Any CPU
		{97C1E9D7-1EB1-4B13-B9A0-A8154118322B}.Release|x86.ActiveCfg = Release|Any CPU
		{97C1E9D7-1EB1-4B13-B9A0-A8154118322B}.Release|x86.Build.0 = Release|Any CPU
		{7D3CD9AA-15D4-45CA-B077-46F08EABC4C7}.Debug|Any CPU.ActiveCfg = Debug|Any CPU
		{7D3CD9AA-15D4-45CA-B077-46F08EABC4C7}.Debug|Any CPU.Build.0 = Debug|Any CPU
		{7D3CD9AA-15D4-45CA-B077-46F08EABC4C7}.Debug|x64.ActiveCfg = Debug|Any CPU
		{7D3CD9AA-15D4-45CA-B077-46F08EABC4C7}.Debug|x64.Build.0 = Debug|Any CPU
		{7D3CD9AA-15D4-45CA-B077-46F08EABC4C7}.Debug|x86.ActiveCfg = Debug|Any CPU
		{7D3CD9AA-15D4-45CA-B077-46F08EABC4C7}.Debug|x86.Build.0 = Debug|Any CPU
		{7D3CD9AA-15D4-45CA-B077-46F08EABC4C7}.Release|Any CPU.ActiveCfg = Release|Any CPU
		{7D3CD9AA-15D4-45CA-B077-46F08EABC4C7}.Release|Any CPU.Build.0 = Release|Any CPU
		{7D3CD9AA-15D4-45CA-B077-46F08EABC4C7}.Release|x64.ActiveCfg = Release|Any CPU
		{7D3CD9AA-15D4-45CA-B077-46F08EABC4C7}.Release|x64.Build.0 = Release|Any CPU
		{7D3CD9AA-15D4-45CA-B077-46F08EABC4C7}.Release|x86.ActiveCfg = Release|Any CPU
		{7D3CD9AA-15D4-45CA-B077-46F08EABC4C7}.Release|x86.Build.0 = Release|Any CPU
		{77AFD368-54D1-4936-BEC3-078CC62E6EE2}.Debug|Any CPU.ActiveCfg = Debug|Any CPU
		{77AFD368-54D1-4936-BEC3-078CC62E6EE2}.Debug|Any CPU.Build.0 = Debug|Any CPU
		{77AFD368-54D1-4936-BEC3-078CC62E6EE2}.Debug|x64.ActiveCfg = Debug|Any CPU
		{77AFD368-54D1-4936-BEC3-078CC62E6EE2}.Debug|x64.Build.0 = Debug|Any CPU
		{77AFD368-54D1-4936-BEC3-078CC62E6EE2}.Debug|x86.ActiveCfg = Debug|Any CPU
		{77AFD368-54D1-4936-BEC3-078CC62E6EE2}.Debug|x86.Build.0 = Debug|Any CPU
		{77AFD368-54D1-4936-BEC3-078CC62E6EE2}.Release|Any CPU.ActiveCfg = Release|Any CPU
		{77AFD368-54D1-4936-BEC3-078CC62E6EE2}.Release|Any CPU.Build.0 = Release|Any CPU
		{77AFD368-54D1-4936-BEC3-078CC62E6EE2}.Release|x64.ActiveCfg = Release|Any CPU
		{77AFD368-54D1-4936-BEC3-078CC62E6EE2}.Release|x64.Build.0 = Release|Any CPU
		{77AFD368-54D1-4936-BEC3-078CC62E6EE2}.Release|x86.ActiveCfg = Release|Any CPU
		{77AFD368-54D1-4936-BEC3-078CC62E6EE2}.Release|x86.Build.0 = Release|Any CPU
	EndGlobalSection
	GlobalSection(SolutionProperties) = preSolution
		HideSolutionNode = FALSE
	EndGlobalSection
	GlobalSection(NestedProjects) = preSolution
		{657DDFAC-98BD-4B6A-9355-FE79A33E1855} = {BFD3CBA8-FB01-4EF9-8B76-4A4816C76D07}
		{8C6FEF60-6881-4176-888B-B749B6DE3BA7} = {BFD3CBA8-FB01-4EF9-8B76-4A4816C76D07}
		{3BE84BED-B4DD-454E-A2A9-8D2D86B8C181} = {BFD3CBA8-FB01-4EF9-8B76-4A4816C76D07}
		{474C18D4-2DDD-4BD6-9CDD-839E068B3C67} = {EFC22060-63C7-4257-89C4-E79CD9E8739C}
		{28A4E9E9-DD77-4116-8582-79731318AE2B} = {EFC22060-63C7-4257-89C4-E79CD9E8739C}
		{E2477B82-6916-43BB-B90D-5207027E5016} = {EFC22060-63C7-4257-89C4-E79CD9E8739C}
		{9376A149-65F2-4966-9C13-16F155CF682F} = {079B41CA-CEE8-4804-8E1C-A096E48476C1}
		{E5523032-43A0-4364-8A3D-29AEBACDDFAF} = {079B41CA-CEE8-4804-8E1C-A096E48476C1}
		{7781C6E6-AEF6-45B4-8E57-14DE456099C3} = {079B41CA-CEE8-4804-8E1C-A096E48476C1}
		{7CBD4BF1-1EDD-4923-B9FA-ABE0E8E967C0} = {9BAE956C-1485-4DCD-900B-3C960FBE4B16}
		{56E476D6-553C-4954-8D41-9BB203236E4A} = {079B41CA-CEE8-4804-8E1C-A096E48476C1}
		{A51E3D06-E60E-421B-9507-E19F0723F7D4} = {BFD3CBA8-FB01-4EF9-8B76-4A4816C76D07}
		{06C5E6AF-5761-4894-87D0-B005C50519C5} = {9BAE956C-1485-4DCD-900B-3C960FBE4B16}
		{61840C03-43FD-43BC-82F1-CE12413D846A} = {EFC22060-63C7-4257-89C4-E79CD9E8739C}
		{15865DC8-70C7-41BC-A73A-F8DBAA91EF89} = {BFD3CBA8-FB01-4EF9-8B76-4A4816C76D07}
		{97C1E9D7-1EB1-4B13-B9A0-A8154118322B} = {BFD3CBA8-FB01-4EF9-8B76-4A4816C76D07}
		{77AFD368-54D1-4936-BEC3-078CC62E6EE2} = {BFD3CBA8-FB01-4EF9-8B76-4A4816C76D07}
	EndGlobalSection
	GlobalSection(ExtensibilityGlobals) = postSolution
		SolutionGuid = {241180CC-7D7A-4901-8D75-B2DE905EE162}
	EndGlobalSection
EndGlobal
