
Microsoft Visual Studio Solution File, Format Version 12.00
# Visual Studio 14
VisualStudioVersion = 14.0.24720.0
MinimumVisualStudioVersion = 10.0.40219.1
Project("{2150E333-8FDC-42A3-9474-1A3956D46DE8}") = "src", "src", "{DC2DBBB0-2971-4A53-A5CA-715670F7B96C}"
EndProject
Project("{2150E333-8FDC-42A3-9474-1A3956D46DE8}") = "Solution Items", "Solution Items", "{02A67D42-BD31-4003-8CB5-158148DB65E2}"
	ProjectSection(SolutionItems) = preProject
		deploy.cmd = deploy.cmd
		deploy.web.cmd = deploy.web.cmd
		deploy.webjob.cmd = deploy.webjob.cmd
		global.json = global.json
	EndProjectSection
EndProject
Project("{8BB2217D-0F2D-49D1-97BC-3654ED321F3B}") = "Swetugg.Tix.Activity.Events", "src\Swetugg.Tix.Activity.Events\Swetugg.Tix.Activity.Events.xproj", "{8777DE40-F145-42E7-9D0A-2A1DC8B1A663}"
EndProject
Project("{2150E333-8FDC-42A3-9474-1A3956D46DE8}") = "Activity", "Activity", "{2519B307-402B-4D3C-8BC2-C03949540CB6}"
EndProject
Project("{8BB2217D-0F2D-49D1-97BC-3654ED321F3B}") = "Swetugg.Tix.Activity.Domain", "src\Swetugg.Tix.Activity.Domain\Swetugg.Tix.Activity.Domain.xproj", "{968D5F8A-1B3E-45DB-A2AC-99CD178EE9DA}"
EndProject
Project("{2150E333-8FDC-42A3-9474-1A3956D46DE8}") = "Ticket", "Ticket", "{B6F287B7-A3B3-4910-BAD7-83F2599A97F2}"
EndProject
Project("{8BB2217D-0F2D-49D1-97BC-3654ED321F3B}") = "Swetugg.Tix.Ticket.Events", "src\Swetugg.Tix.Ticket.Events\Swetugg.Tix.Ticket.Events.xproj", "{91915AE1-9E13-42B1-AD46-45F4AA712125}"
EndProject
Project("{8BB2217D-0F2D-49D1-97BC-3654ED321F3B}") = "Swetugg.Tix.Ticket.Domain", "src\Swetugg.Tix.Ticket.Domain\Swetugg.Tix.Ticket.Domain.xproj", "{07269CD1-6190-4365-B357-0A0A08FA22D2}"
EndProject
Project("{8BB2217D-0F2D-49D1-97BC-3654ED321F3B}") = "Swetugg.Tix.Activity.Domain.Tests", "test\Swetugg.Tix.Activity.Domain.Tests\Swetugg.Tix.Activity.Domain.Tests.xproj", "{D5EDF95F-8D9E-49C3-8F68-5ED1CA53ACD7}"
EndProject
Project("{2150E333-8FDC-42A3-9474-1A3956D46DE8}") = "test", "test", "{215D0673-615F-4F25-9C6E-B0BDF576CF14}"
EndProject
Project("{2150E333-8FDC-42A3-9474-1A3956D46DE8}") = "Process", "Process", "{B11DC839-23CF-4879-A434-0016396CBF19}"
EndProject
Project("{8BB2217D-0F2D-49D1-97BC-3654ED321F3B}") = "Swetugg.Tix.Process", "src\Swetugg.Tix.Process\Swetugg.Tix.Process.xproj", "{93A1FB4D-0277-42C8-B35D-8ABA159C9F74}"
EndProject
Project("{8BB2217D-0F2D-49D1-97BC-3654ED321F3B}") = "Swetugg.Tix.Tests.Infrastructure", "test\Swetugg.Tix.Tests.Infrastructure\Swetugg.Tix.Tests.Infrastructure.xproj", "{A91B7F84-7C3C-4476-9CCE-EF5BF2173CC8}"
EndProject
Project("{8BB2217D-0F2D-49D1-97BC-3654ED321F3B}") = "Swetugg.Tix.Infrastructure", "src\Swetugg.Tix.Infrastructure\Swetugg.Tix.Infrastructure.xproj", "{E707597C-A29C-4A2E-A7D0-A5E85DD32BEA}"
EndProject
Project("{8BB2217D-0F2D-49D1-97BC-3654ED321F3B}") = "Swetugg.Tix.Ticket.Domain.Tests", "test\Swetugg.Tix.Ticket.Domain.Tests\Swetugg.Tix.Ticket.Domain.Tests.xproj", "{8ADA0F0E-2D3A-463E-B0E2-C11D5887426E}"
EndProject
Project("{8BB2217D-0F2D-49D1-97BC-3654ED321F3B}") = "Swetugg.Tix.Activity.Commands", "src\Swetugg.Tix.Activity.Commands\Swetugg.Tix.Activity.Commands.xproj", "{8D53CDEC-B777-4BDC-8741-533ED0667900}"
EndProject
Project("{8BB2217D-0F2D-49D1-97BC-3654ED321F3B}") = "Swetugg.Tix.Ticket.Commands", "src\Swetugg.Tix.Ticket.Commands\Swetugg.Tix.Ticket.Commands.xproj", "{25299238-3974-4F76-ACA5-3ABE96043484}"
EndProject
Project("{8BB2217D-0F2D-49D1-97BC-3654ED321F3B}") = "Swetugg.Tix.Process.Tests", "test\Swetugg.Tix.Process.Tests\Swetugg.Tix.Process.Tests.xproj", "{F26F419D-5E3E-4767-9D89-DDC2299A6D06}"
EndProject
Project("{8BB2217D-0F2D-49D1-97BC-3654ED321F3B}") = "Swetugg.Tix.Activity.Jobs", "src\Swetugg.Tix.Activity.Jobs\Swetugg.Tix.Activity.Jobs.xproj", "{9FAE9BFE-8898-4EC7-AB07-2E0393E7E68E}"
EndProject
Project("{2150E333-8FDC-42A3-9474-1A3956D46DE8}") = "Web", "Web", "{99DCDE99-FC7E-4F7B-A0F1-F2790F7F3DC6}"
EndProject
Project("{8BB2217D-0F2D-49D1-97BC-3654ED321F3B}") = "Swetugg.Tix.Web", "src\Swetugg.Tix.Web\Swetugg.Tix.Web.xproj", "{06BEA79A-2545-4592-97D9-29BBF08B71E8}"
EndProject
Global
	GlobalSection(SolutionConfigurationPlatforms) = preSolution
		Debug|Any CPU = Debug|Any CPU
		Release|Any CPU = Release|Any CPU
	EndGlobalSection
	GlobalSection(ProjectConfigurationPlatforms) = postSolution
		{8777DE40-F145-42E7-9D0A-2A1DC8B1A663}.Debug|Any CPU.ActiveCfg = Debug|Any CPU
		{8777DE40-F145-42E7-9D0A-2A1DC8B1A663}.Debug|Any CPU.Build.0 = Debug|Any CPU
		{8777DE40-F145-42E7-9D0A-2A1DC8B1A663}.Release|Any CPU.ActiveCfg = Release|Any CPU
		{8777DE40-F145-42E7-9D0A-2A1DC8B1A663}.Release|Any CPU.Build.0 = Release|Any CPU
		{968D5F8A-1B3E-45DB-A2AC-99CD178EE9DA}.Debug|Any CPU.ActiveCfg = Debug|Any CPU
		{968D5F8A-1B3E-45DB-A2AC-99CD178EE9DA}.Debug|Any CPU.Build.0 = Debug|Any CPU
		{968D5F8A-1B3E-45DB-A2AC-99CD178EE9DA}.Release|Any CPU.ActiveCfg = Release|Any CPU
		{968D5F8A-1B3E-45DB-A2AC-99CD178EE9DA}.Release|Any CPU.Build.0 = Release|Any CPU
		{91915AE1-9E13-42B1-AD46-45F4AA712125}.Debug|Any CPU.ActiveCfg = Debug|Any CPU
		{91915AE1-9E13-42B1-AD46-45F4AA712125}.Debug|Any CPU.Build.0 = Debug|Any CPU
		{91915AE1-9E13-42B1-AD46-45F4AA712125}.Release|Any CPU.ActiveCfg = Release|Any CPU
		{91915AE1-9E13-42B1-AD46-45F4AA712125}.Release|Any CPU.Build.0 = Release|Any CPU
		{07269CD1-6190-4365-B357-0A0A08FA22D2}.Debug|Any CPU.ActiveCfg = Debug|Any CPU
		{07269CD1-6190-4365-B357-0A0A08FA22D2}.Debug|Any CPU.Build.0 = Debug|Any CPU
		{07269CD1-6190-4365-B357-0A0A08FA22D2}.Release|Any CPU.ActiveCfg = Release|Any CPU
		{07269CD1-6190-4365-B357-0A0A08FA22D2}.Release|Any CPU.Build.0 = Release|Any CPU
		{D5EDF95F-8D9E-49C3-8F68-5ED1CA53ACD7}.Debug|Any CPU.ActiveCfg = Debug|Any CPU
		{D5EDF95F-8D9E-49C3-8F68-5ED1CA53ACD7}.Debug|Any CPU.Build.0 = Debug|Any CPU
		{D5EDF95F-8D9E-49C3-8F68-5ED1CA53ACD7}.Release|Any CPU.ActiveCfg = Release|Any CPU
		{D5EDF95F-8D9E-49C3-8F68-5ED1CA53ACD7}.Release|Any CPU.Build.0 = Release|Any CPU
		{93A1FB4D-0277-42C8-B35D-8ABA159C9F74}.Debug|Any CPU.ActiveCfg = Debug|Any CPU
		{93A1FB4D-0277-42C8-B35D-8ABA159C9F74}.Debug|Any CPU.Build.0 = Debug|Any CPU
		{93A1FB4D-0277-42C8-B35D-8ABA159C9F74}.Release|Any CPU.ActiveCfg = Release|Any CPU
		{93A1FB4D-0277-42C8-B35D-8ABA159C9F74}.Release|Any CPU.Build.0 = Release|Any CPU
		{A91B7F84-7C3C-4476-9CCE-EF5BF2173CC8}.Debug|Any CPU.ActiveCfg = Debug|Any CPU
		{A91B7F84-7C3C-4476-9CCE-EF5BF2173CC8}.Debug|Any CPU.Build.0 = Debug|Any CPU
		{A91B7F84-7C3C-4476-9CCE-EF5BF2173CC8}.Release|Any CPU.ActiveCfg = Release|Any CPU
		{A91B7F84-7C3C-4476-9CCE-EF5BF2173CC8}.Release|Any CPU.Build.0 = Release|Any CPU
		{E707597C-A29C-4A2E-A7D0-A5E85DD32BEA}.Debug|Any CPU.ActiveCfg = Debug|Any CPU
		{E707597C-A29C-4A2E-A7D0-A5E85DD32BEA}.Debug|Any CPU.Build.0 = Debug|Any CPU
		{E707597C-A29C-4A2E-A7D0-A5E85DD32BEA}.Release|Any CPU.ActiveCfg = Release|Any CPU
		{E707597C-A29C-4A2E-A7D0-A5E85DD32BEA}.Release|Any CPU.Build.0 = Release|Any CPU
		{8ADA0F0E-2D3A-463E-B0E2-C11D5887426E}.Debug|Any CPU.ActiveCfg = Debug|Any CPU
		{8ADA0F0E-2D3A-463E-B0E2-C11D5887426E}.Debug|Any CPU.Build.0 = Debug|Any CPU
		{8ADA0F0E-2D3A-463E-B0E2-C11D5887426E}.Release|Any CPU.ActiveCfg = Release|Any CPU
		{8ADA0F0E-2D3A-463E-B0E2-C11D5887426E}.Release|Any CPU.Build.0 = Release|Any CPU
		{8D53CDEC-B777-4BDC-8741-533ED0667900}.Debug|Any CPU.ActiveCfg = Debug|Any CPU
		{8D53CDEC-B777-4BDC-8741-533ED0667900}.Debug|Any CPU.Build.0 = Debug|Any CPU
		{8D53CDEC-B777-4BDC-8741-533ED0667900}.Release|Any CPU.ActiveCfg = Release|Any CPU
		{8D53CDEC-B777-4BDC-8741-533ED0667900}.Release|Any CPU.Build.0 = Release|Any CPU
		{25299238-3974-4F76-ACA5-3ABE96043484}.Debug|Any CPU.ActiveCfg = Debug|Any CPU
		{25299238-3974-4F76-ACA5-3ABE96043484}.Debug|Any CPU.Build.0 = Debug|Any CPU
		{25299238-3974-4F76-ACA5-3ABE96043484}.Release|Any CPU.ActiveCfg = Release|Any CPU
		{25299238-3974-4F76-ACA5-3ABE96043484}.Release|Any CPU.Build.0 = Release|Any CPU
		{F26F419D-5E3E-4767-9D89-DDC2299A6D06}.Debug|Any CPU.ActiveCfg = Debug|Any CPU
		{F26F419D-5E3E-4767-9D89-DDC2299A6D06}.Debug|Any CPU.Build.0 = Debug|Any CPU
		{F26F419D-5E3E-4767-9D89-DDC2299A6D06}.Release|Any CPU.ActiveCfg = Release|Any CPU
		{F26F419D-5E3E-4767-9D89-DDC2299A6D06}.Release|Any CPU.Build.0 = Release|Any CPU
		{9FAE9BFE-8898-4EC7-AB07-2E0393E7E68E}.Debug|Any CPU.ActiveCfg = Debug|Any CPU
		{9FAE9BFE-8898-4EC7-AB07-2E0393E7E68E}.Debug|Any CPU.Build.0 = Debug|Any CPU
		{9FAE9BFE-8898-4EC7-AB07-2E0393E7E68E}.Release|Any CPU.ActiveCfg = Release|Any CPU
		{9FAE9BFE-8898-4EC7-AB07-2E0393E7E68E}.Release|Any CPU.Build.0 = Release|Any CPU
		{06BEA79A-2545-4592-97D9-29BBF08B71E8}.Debug|Any CPU.ActiveCfg = Debug|Any CPU
		{06BEA79A-2545-4592-97D9-29BBF08B71E8}.Debug|Any CPU.Build.0 = Debug|Any CPU
		{06BEA79A-2545-4592-97D9-29BBF08B71E8}.Release|Any CPU.ActiveCfg = Release|Any CPU
		{06BEA79A-2545-4592-97D9-29BBF08B71E8}.Release|Any CPU.Build.0 = Release|Any CPU
	EndGlobalSection
	GlobalSection(SolutionProperties) = preSolution
		HideSolutionNode = FALSE
	EndGlobalSection
	GlobalSection(NestedProjects) = preSolution
		{8777DE40-F145-42E7-9D0A-2A1DC8B1A663} = {2519B307-402B-4D3C-8BC2-C03949540CB6}
		{2519B307-402B-4D3C-8BC2-C03949540CB6} = {DC2DBBB0-2971-4A53-A5CA-715670F7B96C}
		{968D5F8A-1B3E-45DB-A2AC-99CD178EE9DA} = {2519B307-402B-4D3C-8BC2-C03949540CB6}
		{B6F287B7-A3B3-4910-BAD7-83F2599A97F2} = {DC2DBBB0-2971-4A53-A5CA-715670F7B96C}
		{91915AE1-9E13-42B1-AD46-45F4AA712125} = {B6F287B7-A3B3-4910-BAD7-83F2599A97F2}
		{07269CD1-6190-4365-B357-0A0A08FA22D2} = {B6F287B7-A3B3-4910-BAD7-83F2599A97F2}
		{D5EDF95F-8D9E-49C3-8F68-5ED1CA53ACD7} = {215D0673-615F-4F25-9C6E-B0BDF576CF14}
		{B11DC839-23CF-4879-A434-0016396CBF19} = {DC2DBBB0-2971-4A53-A5CA-715670F7B96C}
		{93A1FB4D-0277-42C8-B35D-8ABA159C9F74} = {B11DC839-23CF-4879-A434-0016396CBF19}
		{A91B7F84-7C3C-4476-9CCE-EF5BF2173CC8} = {215D0673-615F-4F25-9C6E-B0BDF576CF14}
		{E707597C-A29C-4A2E-A7D0-A5E85DD32BEA} = {DC2DBBB0-2971-4A53-A5CA-715670F7B96C}
		{8ADA0F0E-2D3A-463E-B0E2-C11D5887426E} = {215D0673-615F-4F25-9C6E-B0BDF576CF14}
		{8D53CDEC-B777-4BDC-8741-533ED0667900} = {2519B307-402B-4D3C-8BC2-C03949540CB6}
		{25299238-3974-4F76-ACA5-3ABE96043484} = {B6F287B7-A3B3-4910-BAD7-83F2599A97F2}
		{F26F419D-5E3E-4767-9D89-DDC2299A6D06} = {215D0673-615F-4F25-9C6E-B0BDF576CF14}
		{9FAE9BFE-8898-4EC7-AB07-2E0393E7E68E} = {2519B307-402B-4D3C-8BC2-C03949540CB6}
		{99DCDE99-FC7E-4F7B-A0F1-F2790F7F3DC6} = {DC2DBBB0-2971-4A53-A5CA-715670F7B96C}
		{06BEA79A-2545-4592-97D9-29BBF08B71E8} = {99DCDE99-FC7E-4F7B-A0F1-F2790F7F3DC6}
	EndGlobalSection
EndGlobal
